
Microsoft Visual Studio Solution File, Format Version 12.00
# Visual Studio Version 17
VisualStudioVersion = 17.8.34309.116
MinimumVisualStudioVersion = 10.0.40219.1
Project("{9A19103F-16F7-4668-BE54-9A1E7A4F7556}") = "BlogApp.API", "BlogApp.API.csproj", "{DB6F3B04-B179-417D-BB5A-0DDDACAF0EE5}"
EndProject
Global
	GlobalSection(SolutionConfigurationPlatforms) = preSolution
		Debug|Any CPU = Debug|Any CPU
		Release|Any CPU = Release|Any CPU
	EndGlobalSection
	GlobalSection(ProjectConfigurationPlatforms) = postSolution
		{DB6F3B04-B179-417D-BB5A-0DDDACAF0EE5}.Debug|Any CPU.ActiveCfg = Debug|Any CPU
		{DB6F3B04-B179-417D-BB5A-0DDDACAF0EE5}.Debug|Any CPU.Build.0 = Debug|Any CPU
		{DB6F3B04-B179-417D-BB5A-0DDDACAF0EE5}.Release|Any CPU.ActiveCfg = Release|Any CPU
		{DB6F3B04-B179-417D-BB5A-0DDDACAF0EE5}.Release|Any CPU.Build.0 = Release|Any CPU
	EndGlobalSection
	GlobalSection(SolutionProperties) = preSolution
		HideSolutionNode = FALSE
	EndGlobalSection
	GlobalSection(ExtensibilityGlobals) = postSolution
		SolutionGuid = {8A0B5BC2-75E9-4A08-9B51-6EDCC0BEA386}
	EndGlobalSection
EndGlobal
